# THIS IS AN AUTOGENERATED FILE. DO NOT EDIT THIS FILE DIRECTLY.
# yarn lockfile v1


path-to-regexp@^3.1.0:
  version "3.1.0"
  resolved "https://registry.yarnpkg.com/path-to-regexp/-/path-to-regexp-3.1.0.tgz#f45a9cc4dc6331ae8f131e0ce4fde8607f802367"
  integrity sha512-PtHLisEvUOepjc+sStXxJ/pDV/s5UBTOKWJY2SOz3e6E/iN/jLknY9WL72kTwRrwXDUbZTEAtSnJbz2fF127DA==
